
Microsoft Visual Studio Solution File, Format Version 12.00
# Visual Studio 2013
VisualStudioVersion = 12.0.31101.0
MinimumVisualStudioVersion = 10.0.40219.1
Project("{F184B08F-C81C-45F6-A57F-5ABD9991F28F}") = "iWork.Web.UI", "iWork.Web.UI\iWork.Web.UI.vbproj", "{A55C8430-7F72-454D-8752-55F1DAEF45CA}"
	ProjectSection(ProjectDependencies) = postProject
		{C26DA8A2-E22E-4C06-AB8F-490CEA7A0044} = {C26DA8A2-E22E-4C06-AB8F-490CEA7A0044}
	EndProjectSection
EndProject
Project("{F184B08F-C81C-45F6-A57F-5ABD9991F28F}") = "iWork.Web.Api", "iWork.Web.Api\iWork.Web.Api.vbproj", "{C26DA8A2-E22E-4C06-AB8F-490CEA7A0044}"
EndProject
Project("{F184B08F-C81C-45F6-A57F-5ABD9991F28F}") = "iWork.Repository", "iWork.Repository\iWork.Repository.vbproj", "{18537E9D-A25B-4D65-B2E1-A3CB1A646289}"
EndProject
Project("{F184B08F-C81C-45F6-A57F-5ABD9991F28F}") = "iWork.Service", "iWork.Service\iWork.Service.vbproj", "{3E1AADCB-2FAA-4A90-ADE7-EA1F1A9C74C1}"
EndProject
Project("{F184B08F-C81C-45F6-A57F-5ABD9991F28F}") = "iWork.Core", "iWork.Core\iWork.Core.vbproj", "{D321F516-7D55-4B7D-ADC5-2E470EC6DD57}"
EndProject
Project("{F184B08F-C81C-45F6-A57F-5ABD9991F28F}") = "iWork.Entities", "iWork.Entities\iWork.Entities.vbproj", "{0DA92C20-D75C-4736-8E42-6CE6159F6FFF}"
EndProject
Project("{F184B08F-C81C-45F6-A57F-5ABD9991F28F}") = "iWork.Core.Web", "iWork.Core.Web\iWork.Core.Web.vbproj", "{B15AF5B0-FA6E-46D2-B31D-37083408C28D}"
EndProject
Global
	GlobalSection(SolutionConfigurationPlatforms) = preSolution
		Debug|Any CPU = Debug|Any CPU
		Release|Any CPU = Release|Any CPU
	EndGlobalSection
	GlobalSection(ProjectConfigurationPlatforms) = postSolution
		{A55C8430-7F72-454D-8752-55F1DAEF45CA}.Debug|Any CPU.ActiveCfg = Debug|Any CPU
		{A55C8430-7F72-454D-8752-55F1DAEF45CA}.Debug|Any CPU.Build.0 = Debug|Any CPU
		{A55C8430-7F72-454D-8752-55F1DAEF45CA}.Release|Any CPU.ActiveCfg = Release|Any CPU
		{A55C8430-7F72-454D-8752-55F1DAEF45CA}.Release|Any CPU.Build.0 = Release|Any CPU
		{C26DA8A2-E22E-4C06-AB8F-490CEA7A0044}.Debug|Any CPU.ActiveCfg = Debug|Any CPU
		{C26DA8A2-E22E-4C06-AB8F-490CEA7A0044}.Debug|Any CPU.Build.0 = Debug|Any CPU
		{C26DA8A2-E22E-4C06-AB8F-490CEA7A0044}.Release|Any CPU.ActiveCfg = Release|Any CPU
		{C26DA8A2-E22E-4C06-AB8F-490CEA7A0044}.Release|Any CPU.Build.0 = Release|Any CPU
		{18537E9D-A25B-4D65-B2E1-A3CB1A646289}.Debug|Any CPU.ActiveCfg = Debug|Any CPU
		{18537E9D-A25B-4D65-B2E1-A3CB1A646289}.Debug|Any CPU.Build.0 = Debug|Any CPU
		{18537E9D-A25B-4D65-B2E1-A3CB1A646289}.Release|Any CPU.ActiveCfg = Release|Any CPU
		{18537E9D-A25B-4D65-B2E1-A3CB1A646289}.Release|Any CPU.Build.0 = Release|Any CPU
		{3E1AADCB-2FAA-4A90-ADE7-EA1F1A9C74C1}.Debug|Any CPU.ActiveCfg = Debug|Any CPU
		{3E1AADCB-2FAA-4A90-ADE7-EA1F1A9C74C1}.Debug|Any CPU.Build.0 = Debug|Any CPU
		{3E1AADCB-2FAA-4A90-ADE7-EA1F1A9C74C1}.Release|Any CPU.ActiveCfg = Release|Any CPU
		{3E1AADCB-2FAA-4A90-ADE7-EA1F1A9C74C1}.Release|Any CPU.Build.0 = Release|Any CPU
		{D321F516-7D55-4B7D-ADC5-2E470EC6DD57}.Debug|Any CPU.ActiveCfg = Debug|Any CPU
		{D321F516-7D55-4B7D-ADC5-2E470EC6DD57}.Debug|Any CPU.Build.0 = Debug|Any CPU
		{D321F516-7D55-4B7D-ADC5-2E470EC6DD57}.Release|Any CPU.ActiveCfg = Release|Any CPU
		{D321F516-7D55-4B7D-ADC5-2E470EC6DD57}.Release|Any CPU.Build.0 = Release|Any CPU
		{0DA92C20-D75C-4736-8E42-6CE6159F6FFF}.Debug|Any CPU.ActiveCfg = Debug|Any CPU
		{0DA92C20-D75C-4736-8E42-6CE6159F6FFF}.Debug|Any CPU.Build.0 = Debug|Any CPU
		{0DA92C20-D75C-4736-8E42-6CE6159F6FFF}.Release|Any CPU.ActiveCfg = Release|Any CPU
		{0DA92C20-D75C-4736-8E42-6CE6159F6FFF}.Release|Any CPU.Build.0 = Release|Any CPU
		{B15AF5B0-FA6E-46D2-B31D-37083408C28D}.Debug|Any CPU.ActiveCfg = Debug|Any CPU
		{B15AF5B0-FA6E-46D2-B31D-37083408C28D}.Debug|Any CPU.Build.0 = Debug|Any CPU
		{B15AF5B0-FA6E-46D2-B31D-37083408C28D}.Release|Any CPU.ActiveCfg = Release|Any CPU
		{B15AF5B0-FA6E-46D2-B31D-37083408C28D}.Release|Any CPU.Build.0 = Release|Any CPU
	EndGlobalSection
	GlobalSection(SolutionProperties) = preSolution
		HideSolutionNode = FALSE
	EndGlobalSection
EndGlobal
